
Microsoft Visual Studio Solution File, Format Version 12.00
# Visual Studio Version 17
VisualStudioVersion = 17.14.36705.20 d17.14
MinimumVisualStudioVersion = 10.0.40219.1
Project("{FAE04EC0-301F-11D3-BF4B-00C04F79EFBC}") = "SchoolIdentityDemo", "SchoolIdentityDemo\SchoolIdentityDemo.csproj", "{8BB8D00F-350F-4105-93F5-61B52579ABC0}"
EndProject
Global
	GlobalSection(SolutionConfigurationPlatforms) = preSolution
		Debug|Any CPU = Debug|Any CPU
		Release|Any CPU = Release|Any CPU
	EndGlobalSection
	GlobalSection(ProjectConfigurationPlatforms) = postSolution
		{8BB8D00F-350F-4105-93F5-61B52579ABC0}.Debug|Any CPU.ActiveCfg = Debug|Any CPU
		{8BB8D00F-350F-4105-93F5-61B52579ABC0}.Debug|Any CPU.Build.0 = Debug|Any CPU
		{8BB8D00F-350F-4105-93F5-61B52579ABC0}.Release|Any CPU.ActiveCfg = Release|Any CPU
		{8BB8D00F-350F-4105-93F5-61B52579ABC0}.Release|Any CPU.Build.0 = Release|Any CPU
	EndGlobalSection
	GlobalSection(SolutionProperties) = preSolution
		HideSolutionNode = FALSE
	EndGlobalSection
	GlobalSection(ExtensibilityGlobals) = postSolution
		SolutionGuid = {76CDEF6B-3B9F-4C07-86B6-21D0B23954F8}
	EndGlobalSection
EndGlobal
